
Microsoft Visual Studio Solution File, Format Version 12.00
# Visual Studio Version 17
VisualStudioVersion = 17.7.34018.315
MinimumVisualStudioVersion = 10.0.40219.1
Project("{9A19103F-16F7-4668-BE54-9A1E7A4F7556}") = "CoffeeApp", "CoffeeApp\CoffeeApp.csproj", "{AB24883A-0A39-4875-910E-A2666458506B}"
EndProject
Project("{9A19103F-16F7-4668-BE54-9A1E7A4F7556}") = "Domain", "Domain\Domain.csproj", "{F58B9EFB-F590-4955-8C93-BF9A57A37175}"
EndProject
Project("{9A19103F-16F7-4668-BE54-9A1E7A4F7556}") = "Repository", "Repository\Repository.csproj", "{FB82BCBB-6024-432A-AA66-3D864D16CDC2}"
EndProject
Project("{FAE04EC0-301F-11D3-BF4B-00C04F79EFBC}") = "Services", "Services\Services.csproj", "{DC748688-36AB-43E6-A612-4D44C6CFA482}"
EndProject
Global
	GlobalSection(SolutionConfigurationPlatforms) = preSolution
		Debug|Any CPU = Debug|Any CPU
		Release|Any CPU = Release|Any CPU
	EndGlobalSection
	GlobalSection(ProjectConfigurationPlatforms) = postSolution
		{AB24883A-0A39-4875-910E-A2666458506B}.Debug|Any CPU.ActiveCfg = Debug|Any CPU
		{AB24883A-0A39-4875-910E-A2666458506B}.Debug|Any CPU.Build.0 = Debug|Any CPU
		{AB24883A-0A39-4875-910E-A2666458506B}.Release|Any CPU.ActiveCfg = Release|Any CPU
		{AB24883A-0A39-4875-910E-A2666458506B}.Release|Any CPU.Build.0 = Release|Any CPU
		{F58B9EFB-F590-4955-8C93-BF9A57A37175}.Debug|Any CPU.ActiveCfg = Debug|Any CPU
		{F58B9EFB-F590-4955-8C93-BF9A57A37175}.Debug|Any CPU.Build.0 = Debug|Any CPU
		{F58B9EFB-F590-4955-8C93-BF9A57A37175}.Release|Any CPU.ActiveCfg = Release|Any CPU
		{F58B9EFB-F590-4955-8C93-BF9A57A37175}.Release|Any CPU.Build.0 = Release|Any CPU
		{FB82BCBB-6024-432A-AA66-3D864D16CDC2}.Debug|Any CPU.ActiveCfg = Debug|Any CPU
		{FB82BCBB-6024-432A-AA66-3D864D16CDC2}.Debug|Any CPU.Build.0 = Debug|Any CPU
		{FB82BCBB-6024-432A-AA66-3D864D16CDC2}.Release|Any CPU.ActiveCfg = Release|Any CPU
		{FB82BCBB-6024-432A-AA66-3D864D16CDC2}.Release|Any CPU.Build.0 = Release|Any CPU
		{DC748688-36AB-43E6-A612-4D44C6CFA482}.Debug|Any CPU.ActiveCfg = Debug|Any CPU
		{DC748688-36AB-43E6-A612-4D44C6CFA482}.Debug|Any CPU.Build.0 = Debug|Any CPU
		{DC748688-36AB-43E6-A612-4D44C6CFA482}.Release|Any CPU.ActiveCfg = Release|Any CPU
		{DC748688-36AB-43E6-A612-4D44C6CFA482}.Release|Any CPU.Build.0 = Release|Any CPU
	EndGlobalSection
	GlobalSection(SolutionProperties) = preSolution
		HideSolutionNode = FALSE
	EndGlobalSection
	GlobalSection(ExtensibilityGlobals) = postSolution
		SolutionGuid = {9835FF9C-C4AE-423D-A0F1-811E4B8A1ADB}
	EndGlobalSection
EndGlobal
